// !$*UTF8*$!
{
	archiveVersion = 1;
	classes = {
	};
	objectVersion = 50;
	objects = {

/* Begin PBXBuildFile section */
		2032FC25261C976700CAE77E /* AppDelegate.swift in Sources */ = {isa = PBXBuildFile; fileRef = 2032FC24261C976700CAE77E /* AppDelegate.swift */; };
		2032FC27261C976700CAE77E /* SceneDelegate.swift in Sources */ = {isa = PBXBuildFile; fileRef = 2032FC26261C976700CAE77E /* SceneDelegate.swift */; };
		2032FC29261C976700CAE77E /* ViewController.swift in Sources */ = {isa = PBXBuildFile; fileRef = 2032FC28261C976700CAE77E /* ViewController.swift */; };
		2032FC2C261C976700CAE77E /* Main.storyboard in Resources */ = {isa = PBXBuildFile; fileRef = 2032FC2A261C976700CAE77E /* Main.storyboard */; };
		2032FC2E261C976800CAE77E /* Assets.xcassets in Resources */ = {isa = PBXBuildFile; fileRef = 2032FC2D261C976800CAE77E /* Assets.xcassets */; };
		2032FC31261C976800CAE77E /* LaunchScreen.storyboard in Resources */ = {isa = PBXBuildFile; fileRef = 2032FC2F261C976800CAE77E /* LaunchScreen.storyboard */; };
		20371F232631DB650061F777 /* CellData.swift in Sources */ = {isa = PBXBuildFile; fileRef = 20371F222631DB650061F777 /* CellData.swift */; };
		2039B8B7263C759300F57CF4 /* Animations.swift in Sources */ = {isa = PBXBuildFile; fileRef = 2039B8B6263C759200F57CF4 /* Animations.swift */; };
		204EAECA261F32140067F5A5 /* StoriesTableViewCell.swift in Sources */ = {isa = PBXBuildFile; fileRef = 204EAEC8261F32140067F5A5 /* StoriesTableViewCell.swift */; };
		204EAECB261F32140067F5A5 /* StoriesTableViewCell.xib in Resources */ = {isa = PBXBuildFile; fileRef = 204EAEC9261F32140067F5A5 /* StoriesTableViewCell.xib */; };
		204EAECF262437E40067F5A5 /* ImagesTableViewCell.swift in Sources */ = {isa = PBXBuildFile; fileRef = 204EAECD262437E40067F5A5 /* ImagesTableViewCell.swift */; };
		204EAED0262437E40067F5A5 /* ImagesTableViewCell.xib in Resources */ = {isa = PBXBuildFile; fileRef = 204EAECE262437E40067F5A5 /* ImagesTableViewCell.xib */; };
		204EAED6262F8BC50067F5A5 /* CollectionViewCell.swift in Sources */ = {isa = PBXBuildFile; fileRef = 204EAED4262F8BC50067F5A5 /* CollectionViewCell.swift */; };
		204EAED7262F8BC50067F5A5 /* CollectionViewCell.xib in Resources */ = {isa = PBXBuildFile; fileRef = 204EAED5262F8BC50067F5A5 /* CollectionViewCell.xib */; };
/* End PBXBuildFile section */

/* Begin PBXFileReference section */
		2032FC21261C976700CAE77E /* Instagram first page.app */ = {isa = PBXFileReference; explicitFileType = wrapper.application; includeInIndex = 0; path = "Instagram first page.app"; sourceTree = BUILT_PRODUCTS_DIR; };
		2032FC24261C976700CAE77E /* AppDelegate.swift */ = {isa = PBXFileReference; lastKnownFileType = sourcecode.swift; path = AppDelegate.swift; sourceTree = "<group>"; };
		2032FC26261C976700CAE77E /* SceneDelegate.swift */ = {isa = PBXFileReference; lastKnownFileType = sourcecode.swift; path = SceneDelegate.swift; sourceTree = "<group>"; };
		2032FC28261C976700CAE77E /* ViewController.swift */ = {isa = PBXFileReference; lastKnownFileType = sourcecode.swift; path = ViewController.swift; sourceTree = "<group>"; };
		2032FC2B261C976700CAE77E /* Base */ = {isa = PBXFileReference; lastKnownFileType = file.storyboard; name = Base; path = Base.lproj/Main.storyboard; sourceTree = "<group>"; };
		2032FC2D261C976800CAE77E /* Assets.xcassets */ = {isa = PBXFileReference; lastKnownFileType = folder.assetcatalog; path = Assets.xcassets; sourceTree = "<group>"; };
		2032FC30261C976800CAE77E /* Base */ = {isa = PBXFileReference; lastKnownFileType = file.storyboard; name = Base; path = Base.lproj/LaunchScreen.storyboard; sourceTree = "<group>"; };
		2032FC32261C976800CAE77E /* Info.plist */ = {isa = PBXFileReference; lastKnownFileType = text.plist.xml; path = Info.plist; sourceTree = "<group>"; };
		20371F222631DB650061F777 /* CellData.swift */ = {isa = PBXFileReference; lastKnownFileType = sourcecode.swift; path = CellData.swift; sourceTree = "<group>"; };
		2039B8B6263C759200F57CF4 /* Animations.swift */ = {isa = PBXFileReference; lastKnownFileType = sourcecode.swift; path = Animations.swift; sourceTree = "<group>"; };
		204EAEC8261F32140067F5A5 /* StoriesTableViewCell.swift */ = {isa = PBXFileReference; lastKnownFileType = sourcecode.swift; path = StoriesTableViewCell.swift; sourceTree = SOURCE_ROOT; };
		204EAEC9261F32140067F5A5 /* StoriesTableViewCell.xib */ = {isa = PBXFileReference; lastKnownFileType = file.xib; path = StoriesTableViewCell.xib; sourceTree = SOURCE_ROOT; };
		204EAECD262437E40067F5A5 /* ImagesTableViewCell.swift */ = {isa = PBXFileReference; lastKnownFileType = sourcecode.swift; path = ImagesTableViewCell.swift; sourceTree = "<group>"; };
		204EAECE262437E40067F5A5 /* ImagesTableViewCell.xib */ = {isa = PBXFileReference; lastKnownFileType = file.xib; path = ImagesTableViewCell.xib; sourceTree = "<group>"; };
		204EAED4262F8BC50067F5A5 /* CollectionViewCell.swift */ = {isa = PBXFileReference; lastKnownFileType = sourcecode.swift; path = CollectionViewCell.swift; sourceTree = "<group>"; };
		204EAED5262F8BC50067F5A5 /* CollectionViewCell.xib */ = {isa = PBXFileReference; lastKnownFileType = file.xib; path = CollectionViewCell.xib; sourceTree = "<group>"; };
/* End PBXFileReference section */

/* Begin PBXFrameworksBuildPhase section */
		2032FC1E261C976700CAE77E /* Frameworks */ = {
			isa = PBXFrameworksBuildPhase;
			buildActionMask = 2147483647;
			files = (
			);
			runOnlyForDeploymentPostprocessing = 0;
		};
/* End PBXFrameworksBuildPhase section */

/* Begin PBXGroup section */
		2032FC18261C976700CAE77E = {
			isa = PBXGroup;
			children = (
				2032FC23261C976700CAE77E /* Instagram first page */,
				2032FC22261C976700CAE77E /* Products */,
			);
			sourceTree = "<group>";
		};
		2032FC22261C976700CAE77E /* Products */ = {
			isa = PBXGroup;
			children = (
				2032FC21261C976700CAE77E /* Instagram first page.app */,
			);
			name = Products;
			sourceTree = "<group>";
		};
		2032FC23261C976700CAE77E /* Instagram first page */ = {
			isa = PBXGroup;
			children = (
				204EAEC8261F32140067F5A5 /* StoriesTableViewCell.swift */,
				204EAEC9261F32140067F5A5 /* StoriesTableViewCell.xib */,
				204EAECD262437E40067F5A5 /* ImagesTableViewCell.swift */,
				204EAECE262437E40067F5A5 /* ImagesTableViewCell.xib */,
				2032FC24261C976700CAE77E /* AppDelegate.swift */,
				2032FC26261C976700CAE77E /* SceneDelegate.swift */,
				2032FC28261C976700CAE77E /* ViewController.swift */,
				2032FC2A261C976700CAE77E /* Main.storyboard */,
				2032FC2D261C976800CAE77E /* Assets.xcassets */,
				2032FC2F261C976800CAE77E /* LaunchScreen.storyboard */,
				2032FC32261C976800CAE77E /* Info.plist */,
				204EAED4262F8BC50067F5A5 /* CollectionViewCell.swift */,
				204EAED5262F8BC50067F5A5 /* CollectionViewCell.xib */,
				20371F222631DB650061F777 /* CellData.swift */,
				2039B8B6263C759200F57CF4 /* Animations.swift */,
			);
			path = "Instagram first page";
			sourceTree = "<group>";
		};
/* End PBXGroup section */

/* Begin PBXNativeTarget section */
		2032FC20261C976700CAE77E /* Instagram first page */ = {
			isa = PBXNativeTarget;
			buildConfigurationList = 2032FC35261C976800CAE77E /* Build configuration list for PBXNativeTarget "Instagram first page" */;
			buildPhases = (
				2032FC1D261C976700CAE77E /* Sources */,
				2032FC1E261C976700CAE77E /* Frameworks */,
				2032FC1F261C976700CAE77E /* Resources */,
			);
			buildRules = (
			);
			dependencies = (
			);
			name = "Instagram first page";
			productName = "Instagram first page";
			productReference = 2032FC21261C976700CAE77E /* Instagram first page.app */;
			productType = "com.apple.product-type.application";
		};
/* End PBXNativeTarget section */

/* Begin PBXProject section */
		2032FC19261C976700CAE77E /* Project object */ = {
			isa = PBXProject;
			attributes = {
				LastSwiftUpdateCheck = 1240;
				LastUpgradeCheck = 1240;
				TargetAttributes = {
					2032FC20261C976700CAE77E = {
						CreatedOnToolsVersion = 12.4;
					};
				};
			};
			buildConfigurationList = 2032FC1C261C976700CAE77E /* Build configuration list for PBXProject "Instagram first page" */;
			compatibilityVersion = "Xcode 9.3";
			developmentRegion = en;
			hasScannedForEncodings = 0;
			knownRegions = (
				en,
				Base,
			);
			mainGroup = 2032FC18261C976700CAE77E;
			productRefGroup = 2032FC22261C976700CAE77E /* Products */;
			projectDirPath = "";
			projectRoot = "";
			targets = (
				2032FC20261C976700CAE77E /* Instagram first page */,
			);
		};
/* End PBXProject section */

/* Begin PBXResourcesBuildPhase section */
		2032FC1F261C976700CAE77E /* Resources */ = {
			isa = PBXResourcesBuildPhase;
			buildActionMask = 2147483647;
			files = (
				2032FC31261C976800CAE77E /* LaunchScreen.storyboard in Resources */,
				204EAECB261F32140067F5A5 /* StoriesTableViewCell.xib in Resources */,
				204EAED7262F8BC50067F5A5 /* CollectionViewCell.xib in Resources */,
				2032FC2E261C976800CAE77E /* Assets.xcassets in Resources */,
				204EAED0262437E40067F5A5 /* ImagesTableViewCell.xib in Resources */,
				2032FC2C261C976700CAE77E /* Main.storyboard in Resources */,
			);
			runOnlyForDeploymentPostprocessing = 0;
		};
/* End PBXResourcesBuildPhase section */

/* Begin PBXSourcesBuildPhase section */
		2032FC1D261C976700CAE77E /* Sources */ = {
			isa = PBXSourcesBuildPhase;
			buildActionMask = 2147483647;
			files = (
				2032FC29261C976700CAE77E /* ViewController.swift in Sources */,
				2032FC25261C976700CAE77E /* AppDelegate.swift in Sources */,
				204EAECA261F32140067F5A5 /* StoriesTableViewCell.swift in Sources */,
				204EAED6262F8BC50067F5A5 /* CollectionViewCell.swift in Sources */,
				20371F232631DB650061F777 /* CellData.swift in Sources */,
				204EAECF262437E40067F5A5 /* ImagesTableViewCell.swift in Sources */,
				2039B8B7263C759300F57CF4 /* Animations.swift in Sources */,
				2032FC27261C976700CAE77E /* SceneDelegate.swift in Sources */,
			);
			runOnlyForDeploymentPostprocessing = 0;
		};
/* End PBXSourcesBuildPhase section */

/* Begin PBXVariantGroup section */
		2032FC2A261C976700CAE77E /* Main.storyboard */ = {
			isa = PBXVariantGroup;
			children = (
				2032FC2B261C976700CAE77E /* Base */,
			);
			name = Main.storyboard;
			sourceTree = "<group>";
		};
		2032FC2F261C976800CAE77E /* LaunchScreen.storyboard */ = {
			isa = PBXVariantGroup;
			children = (
				2032FC30261C976800CAE77E /* Base */,
			);
			name = LaunchScreen.storyboard;
			sourceTree = "<group>";
		};
/* End PBXVariantGroup section */

/* Begin XCBuildConfiguration section */
		2032FC33261C976800CAE77E /* Debug */ = {
			isa = XCBuildConfiguration;
			buildSettings = {
				ALWAYS_SEARCH_USER_PATHS = NO;
				CLANG_ANALYZER_NONNULL = YES;
				CLANG_ANALYZER_NUMBER_OBJECT_CONVERSION = YES_AGGRESSIVE;
				CLANG_CXX_LANGUAGE_STANDARD = "gnu++14";
				CLANG_CXX_LIBRARY = "libc++";
				CLANG_ENABLE_MODULES = YES;
				CLANG_ENABLE_OBJC_ARC = YES;
				CLANG_ENABLE_OBJC_WEAK = YES;
				CLANG_WARN_BLOCK_CAPTURE_AUTORELEASING = YES;
				CLANG_WARN_BOOL_CONVERSION = YES;
				CLANG_WARN_COMMA = YES;
				CLANG_WARN_CONSTANT_CONVERSION = YES;
				CLANG_WARN_DEPRECATED_OBJC_IMPLEMENTATIONS = YES;
				CLANG_WARN_DIRECT_OBJC_ISA_USAGE = YES_ERROR;
				CLANG_WARN_DOCUMENTATION_COMMENTS = YES;
				CLANG_WARN_EMPTY_BODY = YES;
				CLANG_WARN_ENUM_CONVERSION = YES;
				CLANG_WARN_INFINITE_RECURSION = YES;
				CLANG_WARN_INT_CONVERSION = YES;
				CLANG_WARN_NON_LITERAL_NULL_CONVERSION = YES;
				CLANG_WARN_OBJC_IMPLICIT_RETAIN_SELF = YES;
				CLANG_WARN_OBJC_LITERAL_CONVERSION = YES;
				CLANG_WARN_OBJC_ROOT_CLASS = YES_ERROR;
				CLANG_WARN_QUOTED_INCLUDE_IN_FRAMEWORK_HEADER = YES;
				CLANG_WARN_RANGE_LOOP_ANALYSIS = YES;
				CLANG_WARN_STRICT_PROTOTYPES = YES;
				CLANG_WARN_SUSPICIOUS_MOVE = YES;
				CLANG_WARN_UNGUARDED_AVAILABILITY = YES_AGGRESSIVE;
				CLANG_WARN_UNREACHABLE_CODE = YES;
				CLANG_WARN__DUPLICATE_METHOD_MATCH = YES;
				COPY_PHASE_STRIP = NO;
				DEBUG_INFORMATION_FORMAT = dwarf;
				ENABLE_STRICT_OBJC_MSGSEND = YES;
				ENABLE_TESTABILITY = YES;
				GCC_C_LANGUAGE_STANDARD = gnu11;
				GCC_DYNAMIC_NO_PIC = NO;
				GCC_NO_COMMON_BLOCKS = YES;
				GCC_OPTIMIZATION_LEVEL = 0;
				GCC_PREPROCESSOR_DEFINITIONS = (
					"DEBUG=1",
					"$(inherited)",
				);
				GCC_WARN_64_TO_32_BIT_CONVERSION = YES;
				GCC_WARN_ABOUT_RETURN_TYPE = YES_ERROR;
				GCC_WARN_UNDECLARED_SELECTOR = YES;
				GCC_WARN_UNINITIALIZED_AUTOS = YES_AGGRESSIVE;
				GCC_WARN_UNUSED_FUNCTION = YES;
				GCC_WARN_UNUSED_VARIABLE = YES;
				IPHONEOS_DEPLOYMENT_TARGET = 14.4;
				MTL_ENABLE_DEBUG_INFO = INCLUDE_SOURCE;
				MTL_FAST_MATH = YES;
				ONLY_ACTIVE_ARCH = YES;
				SDKROOT = iphoneos;
				SWIFT_ACTIVE_COMPILATION_CONDITIONS = DEBUG;
				SWIFT_OPTIMIZATION_LEVEL = "-Onone";
			};
			name = Debug;
		};
		2032FC34261C976800CAE77E /* Release */ = {
			isa = XCBuildConfiguration;
			buildSettings = {
				ALWAYS_SEARCH_USER_PATHS = NO;
				CLANG_ANALYZER_NONNULL = YES;
				CLANG_ANALYZER_NUMBER_OBJECT_CONVERSION = YES_AGGRESSIVE;
				CLANG_CXX_LANGUAGE_STANDARD = "gnu++14";
				CLANG_CXX_LIBRARY = "libc++";
				CLANG_ENABLE_MODULES = YES;
				CLANG_ENABLE_OBJC_ARC = YES;
				CLANG_ENABLE_OBJC_WEAK = YES;
				CLANG_WARN_BLOCK_CAPTURE_AUTORELEASING = YES;
				CLANG_WARN_BOOL_CONVERSION = YES;
				CLANG_WARN_COMMA = YES;
				CLANG_WARN_CONSTANT_CONVERSION = YES;
				CLANG_WARN_DEPRECATED_OBJC_IMPLEMENTATIONS = YES;
				CLANG_WARN_DIRECT_OBJC_ISA_USAGE = YES_ERROR;
				CLANG_WARN_DOCUMENTATION_COMMENTS = YES;
				CLANG_WARN_EMPTY_BODY = YES;
				CLANG_WARN_ENUM_CONVERSION = YES;
				CLANG_WARN_INFINITE_RECURSION = YES;
				CLANG_WARN_INT_CONVERSION = YES;
				CLANG_WARN_NON_LITERAL_NULL_CONVERSION = YES;
				CLANG_WARN_OBJC_IMPLICIT_RETAIN_SELF = YES;
				CLANG_WARN_OBJC_LITERAL_CONVERSION = YES;
				CLANG_WARN_OBJC_ROOT_CLASS = YES_ERROR;
				CLANG_WARN_QUOTED_INCLUDE_IN_FRAMEWORK_HEADER = YES;
				CLANG_WARN_RANGE_LOOP_ANALYSIS = YES;
				CLANG_WARN_STRICT_PROTOTYPES = YES;
				CLANG_WARN_SUSPICIOUS_MOVE = YES;
				CLANG_WARN_UNGUARDED_AVAILABILITY = YES_AGGRESSIVE;
				CLANG_WARN_UNREACHABLE_CODE = YES;
				CLANG_WARN__DUPLICATE_METHOD_MATCH = YES;
				COPY_PHASE_STRIP = NO;
				DEBUG_INFORMATION_FORMAT = "dwarf-with-dsym";
				ENABLE_NS_ASSERTIONS = NO;
				ENABLE_STRICT_OBJC_MSGSEND = YES;
				GCC_C_LANGUAGE_STANDARD = gnu11;
				GCC_NO_COMMON_BLOCKS = YES;
				GCC_WARN_64_TO_32_BIT_CONVERSION = YES;
				GCC_WARN_ABOUT_RETURN_TYPE = YES_ERROR;
				GCC_WARN_UNDECLARED_SELECTOR = YES;
				GCC_WARN_UNINITIALIZED_AUTOS = YES_AGGRESSIVE;
				GCC_WARN_UNUSED_FUNCTION = YES;
				GCC_WARN_UNUSED_VARIABLE = YES;
				IPHONEOS_DEPLOYMENT_TARGET = 14.4;
				MTL_ENABLE_DEBUG_INFO = NO;
				MTL_FAST_MATH = YES;
				SDKROOT = iphoneos;
				SWIFT_COMPILATION_MODE = wholemodule;
				SWIFT_OPTIMIZATION_LEVEL = "-O";
				VALIDATE_PRODUCT = YES;
			};
			name = Release;
		};
		2032FC36261C976800CAE77E /* Debug */ = {
			isa = XCBuildConfiguration;
			buildSettings = {
				ASSETCATALOG_COMPILER_APPICON_NAME = AppIcon;
				ASSETCATALOG_COMPILER_GLOBAL_ACCENT_COLOR_NAME = AccentColor;
				CODE_SIGN_STYLE = Automatic;
				INFOPLIST_FILE = "Instagram first page/Info.plist";
				IPHONEOS_DEPLOYMENT_TARGET = 13.0;
				LD_RUNPATH_SEARCH_PATHS = (
					"$(inherited)",
					"@executable_path/Frameworks",
				);
				PRODUCT_BUNDLE_IDENTIFIER = "bachiero.Instagram-first-page";
				PRODUCT_NAME = "$(TARGET_NAME)";
				SWIFT_VERSION = 5.0;
				TARGETED_DEVICE_FAMILY = "1,2";
			};
			name = Debug;
		};
		2032FC37261C976800CAE77E /* Release */ = {
			isa = XCBuildConfiguration;
			buildSettings = {
				ASSETCATALOG_COMPILER_APPICON_NAME = AppIcon;
				ASSETCATALOG_COMPILER_GLOBAL_ACCENT_COLOR_NAME = AccentColor;
				CODE_SIGN_STYLE = Automatic;
				INFOPLIST_FILE = "Instagram first page/Info.plist";
				IPHONEOS_DEPLOYMENT_TARGET = 13.0;
				LD_RUNPATH_SEARCH_PATHS = (
					"$(inherited)",
					"@executable_path/Frameworks",
				);
				PRODUCT_BUNDLE_IDENTIFIER = "bachiero.Instagram-first-page";
				PRODUCT_NAME = "$(TARGET_NAME)";
				SWIFT_VERSION = 5.0;
				TARGETED_DEVICE_FAMILY = "1,2";
			};
			name = Release;
		};
/* End XCBuildConfiguration section */

/* Begin XCConfigurationList section */
		2032FC1C261C976700CAE77E /* Build configuration list for PBXProject "Instagram first page" */ = {
			isa = XCConfigurationList;
			buildConfigurations = (
				2032FC33261C976800CAE77E /* Debug */,
				2032FC34261C976800CAE77E /* Release */,
			);
			defaultConfigurationIsVisible = 0;
			defaultConfigurationName = Release;
		};
		2032FC35261C976800CAE77E /* Build configuration list for PBXNativeTarget "Instagram first page" */ = {
			isa = XCConfigurationList;
			buildConfigurations = (
				2032FC36261C976800CAE77E /* Debug */,
				2032FC37261C976800CAE77E /* Release */,
			);
			defaultConfigurationIsVisible = 0;
			defaultConfigurationName = Release;
		};
/* End XCConfigurationList section */
	};
	rootObject = 2032FC19261C976700CAE77E /* Project object */;
}
